
Microsoft Visual Studio Solution File, Format Version 12.00
# Visual Studio 15
VisualStudioVersion = 15.0.28010.2003
MinimumVisualStudioVersion = 10.0.40219.1
Project("{FAE04EC0-301F-11D3-BF4B-00C04F79EFBC}") = "MultiLanguage", "MultiLanguage.csproj", "{43709142-45E6-412A-AF9A-5DE186EAB29A}"
EndProject
Global
	GlobalSection(SolutionConfigurationPlatforms) = preSolution
		Debug|Any CPU = Debug|Any CPU
		Release|Any CPU = Release|Any CPU
	EndGlobalSection
	GlobalSection(ProjectConfigurationPlatforms) = postSolution
		{43709142-45E6-412A-AF9A-5DE186EAB29A}.Debug|Any CPU.ActiveCfg = Debug|Any CPU
		{43709142-45E6-412A-AF9A-5DE186EAB29A}.Debug|Any CPU.Build.0 = Debug|Any CPU
		{43709142-45E6-412A-AF9A-5DE186EAB29A}.Release|Any CPU.ActiveCfg = Release|Any CPU
		{43709142-45E6-412A-AF9A-5DE186EAB29A}.Release|Any CPU.Build.0 = Release|Any CPU
	EndGlobalSection
	GlobalSection(SolutionProperties) = preSolution
		HideSolutionNode = FALSE
	EndGlobalSection
	GlobalSection(ExtensibilityGlobals) = postSolution
		SolutionGuid = {D47776E4-B57B-4CDE-A2FD-5D6282A8C9C3}
	EndGlobalSection
EndGlobal
